
Microsoft Visual Studio Solution File, Format Version 12.00
# Visual Studio Version 17
VisualStudioVersion = 17.13.35828.75
MinimumVisualStudioVersion = 10.0.40219.1
Project("{2150E333-8FDC-42A3-9474-1A3956D46DE8}") = "Documentation", "Documentation", "{02EA681E-C7D8-13C7-8484-4AC65E1B71E8}"
	ProjectSection(SolutionItems) = preProject
		ASSETS-LICENSES.md = ASSETS-LICENSES.md
		DEVELOPMENT-ISSUES.md = DEVELOPMENT-ISSUES.md
		LICENSE = LICENSE
		README.md = README.md
	EndProjectSection
EndProject
Project("{2150E333-8FDC-42A3-9474-1A3956D46DE8}") = "Libraries", "Libraries", "{5A070F28-DBE9-4150-BAFF-59BBEC185F8D}"
EndProject
Project("{2150E333-8FDC-42A3-9474-1A3956D46DE8}") = "Web", "Web", "{06203952-DC6D-4D29-A42D-D847F0B1A54B}"
EndProject
Project("{FAE04EC0-301F-11D3-BF4B-00C04F79EFBC}") = "AI.Chatbot", "Source\Web\AI.Chatbot\AI.Chatbot.csproj", "{9CE90D33-EEFA-4F2D-A88B-BDC62F9937DA}"
EndProject
Project("{FAE04EC0-301F-11D3-BF4B-00C04F79EFBC}") = "ClassLibrary.Mvc", "Source\Libraries\ClassLibrary.Mvc\ClassLibrary.Mvc.csproj", "{CDE3BE1D-32C4-CB6A-761E-DAA85F159B19}"
EndProject
Project("{2150E333-8FDC-42A3-9474-1A3956D46DE8}") = "Book", "Book", "{9163B9EC-BC3A-4565-BED1-A42042635CFF}"
	ProjectSection(SolutionItems) = preProject
		Book\Building AI Chatbots in .NET Core - A Developer’s Practical Guide.docx = Book\Building AI Chatbots in .NET Core - A Developer’s Practical Guide.docx
	EndProjectSection
EndProject
Global
	GlobalSection(SolutionConfigurationPlatforms) = preSolution
		Debug|Any CPU = Debug|Any CPU
		Release|Any CPU = Release|Any CPU
	EndGlobalSection
	GlobalSection(ProjectConfigurationPlatforms) = postSolution
		{9CE90D33-EEFA-4F2D-A88B-BDC62F9937DA}.Debug|Any CPU.ActiveCfg = Debug|Any CPU
		{9CE90D33-EEFA-4F2D-A88B-BDC62F9937DA}.Debug|Any CPU.Build.0 = Debug|Any CPU
		{9CE90D33-EEFA-4F2D-A88B-BDC62F9937DA}.Release|Any CPU.ActiveCfg = Release|Any CPU
		{9CE90D33-EEFA-4F2D-A88B-BDC62F9937DA}.Release|Any CPU.Build.0 = Release|Any CPU
		{CDE3BE1D-32C4-CB6A-761E-DAA85F159B19}.Debug|Any CPU.ActiveCfg = Debug|Any CPU
		{CDE3BE1D-32C4-CB6A-761E-DAA85F159B19}.Debug|Any CPU.Build.0 = Debug|Any CPU
		{CDE3BE1D-32C4-CB6A-761E-DAA85F159B19}.Release|Any CPU.ActiveCfg = Release|Any CPU
		{CDE3BE1D-32C4-CB6A-761E-DAA85F159B19}.Release|Any CPU.Build.0 = Release|Any CPU
	EndGlobalSection
	GlobalSection(SolutionProperties) = preSolution
		HideSolutionNode = FALSE
	EndGlobalSection
	GlobalSection(NestedProjects) = preSolution
		{9CE90D33-EEFA-4F2D-A88B-BDC62F9937DA} = {06203952-DC6D-4D29-A42D-D847F0B1A54B}
		{CDE3BE1D-32C4-CB6A-761E-DAA85F159B19} = {5A070F28-DBE9-4150-BAFF-59BBEC185F8D}
	EndGlobalSection
	GlobalSection(ExtensibilityGlobals) = postSolution
		SolutionGuid = {1B724512-5C29-4C6E-8875-B6AACD7C5BA1}
	EndGlobalSection
EndGlobal
